{
  "name": "@restaurant/epaper-hub-sdk",
  "version": "1.0.0",
  "lockfileVersion": 3,
  "requires": true,
  "packages": {
    "": {
      "name": "@restaurant/epaper-hub-sdk",
      "version": "1.0.0",
      "dependencies": {
        "qrcode-generator": "^1.4.4"
      },
      "engines": {
        "node": ">=20"
      }
    },
    "node_modules/qrcode-generator": {
      "version": "1.5.2",
      "resolved": "https://registry.npmjs.org/qrcode-generator/-/qrcode-generator-1.5.2.tgz",
      "integrity": "sha512-pItrW0Z9HnDBnFmgiNrY1uxRdri32Uh9EjNYLPVC2zZ3ZRIIEqBoDgm4DkvDwNNDHTK7FNkmr8zAa77BYc9xNw==",
      "license": "MIT"
    }
  }
}
