{
  "name": "customer-order",
  "version": "1.0.0",
  "lockfileVersion": 3,
  "requires": true,
  "packages": {
    "": {
      "name": "customer-order",
      "version": "1.0.0",
      "dependencies": {
        "@restaurant/epaper-hub-sdk": "file:../../packages/epaper-hub-sdk"
      },
      "engines": {
        "node": ">=20"
      }
    },
    "../../packages/epaper-hub-sdk": {
      "name": "@restaurant/epaper-hub-sdk",
      "version": "1.0.0",
      "dependencies": {
        "qrcode-generator": "^1.4.4"
      },
      "engines": {
        "node": ">=20"
      }
    },
    "node_modules/@restaurant/epaper-hub-sdk": {
      "resolved": "../../packages/epaper-hub-sdk",
      "link": true
    }
  }
}
